Microsoft Visual Studio Solution File, Format Version 11.00
# Visual Studio 2010
Project("{FAE04EC0-301F-11D3-BF4B-00C04F79EFBC}") = "Malsys.Tests", "Malsys.Tests\Malsys.Tests.csproj", "{E38F4D6E-8D2D-4493-9648-5CE62B8813FA}"
EndProject
Project("{2150E333-8FDC-42A3-9474-1A3956D46DE8}") = "Solution Items", "Solution Items", "{30CEA7AF-5936-4650-8171-3D8A10B26EC1}"
	ProjectSection(SolutionItems) = preProject
		Local.testsettings = Local.testsettings
		Malsys.vsmdi = Malsys.vsmdi
		TraceAndTestImpact.testsettings = TraceAndTestImpact.testsettings
	EndProjectSection
EndProject
Project("{FAE04EC0-301F-11D3-BF4B-00C04F79EFBC}") = "Malsys", "Malsys\Malsys.csproj", "{E80C526F-83F8-4899-B5DE-1F584E2C3D77}"
EndProject
Project("{FAE04EC0-301F-11D3-BF4B-00C04F79EFBC}") = "Malsys.Common", "Malsys.Common\Malsys.Common.csproj", "{433E2485-4265-4656-A197-D0EB315618E1}"
EndProject
Project("{FAE04EC0-301F-11D3-BF4B-00C04F79EFBC}") = "Malsys.Web", "Malsys.Web\Malsys.Web.csproj", "{8969E30F-5C13-4FCB-A75C-E01EBCE82B1F}"
EndProject
Project("{F2A71F9B-5D33-465A-A702-920D77279786}") = "Malsys.Parsing", "Malsys.Parsing\Malsys.Parsing.fsproj", "{8CAA0257-FE49-4CD8-97C1-86185F44E08C}"
EndProject
Project("{FAE04EC0-301F-11D3-BF4B-00C04F79EFBC}") = "Malsys.Ast", "Malsys.Ast\Malsys.Ast.csproj", "{4DE67417-39CA-4AEC-AC75-9584112268F0}"
EndProject
Project("{7CF6DF6D-3B04-46F8-A40B-537D21BCA0B4}") = "Documentation", "Documentation\Documentation.shfbproj", "{4811144B-A268-4119-AD3C-2D7AC840BA5E}"
EndProject
Project("{FAE04EC0-301F-11D3-BF4B-00C04F79EFBC}") = "ExamplePlugin", "ExamplePlugin\ExamplePlugin.csproj", "{A45E7E3C-3AEE-4110-B8CC-9B1419FE40AF}"
EndProject
Project("{FAE04EC0-301F-11D3-BF4B-00C04F79EFBC}") = "Malsys.BitmapRenderers", "Malsys.BitmapRenderers\Malsys.BitmapRenderers.csproj", "{4159F9DB-B635-4861-8930-EF2DD6DCA730}"
EndProject
Global
	GlobalSection(TestCaseManagementSettings) = postSolution
		CategoryFile = Malsys.vsmdi
	EndGlobalSection
	GlobalSection(SolutionConfigurationPlatforms) = preSolution
		Debug|Any CPU = Debug|Any CPU
		Debug|Mixed Platforms = Debug|Mixed Platforms
		Debug|x86 = Debug|x86
		Release|Any CPU = Release|Any CPU
		Release|Mixed Platforms = Release|Mixed Platforms
		Release|x86 = Release|x86
	EndGlobalSection
	GlobalSection(ProjectConfigurationPlatforms) = postSolution
		{E38F4D6E-8D2D-4493-9648-5CE62B8813FA}.Debug|Any CPU.ActiveCfg = Debug|Any CPU
		{E38F4D6E-8D2D-4493-9648-5CE62B8813FA}.Debug|Any CPU.Build.0 = Debug|Any CPU
		{E38F4D6E-8D2D-4493-9648-5CE62B8813FA}.Debug|Mixed Platforms.ActiveCfg = Debug|Any CPU
		{E38F4D6E-8D2D-4493-9648-5CE62B8813FA}.Debug|Mixed Platforms.Build.0 = Debug|Any CPU
		{E38F4D6E-8D2D-4493-9648-5CE62B8813FA}.Debug|x86.ActiveCfg = Debug|Any CPU
		{E38F4D6E-8D2D-4493-9648-5CE62B8813FA}.Release|Any CPU.ActiveCfg = Release|Any CPU
		{E38F4D6E-8D2D-4493-9648-5CE62B8813FA}.Release|Any CPU.Build.0 = Release|Any CPU
		{E38F4D6E-8D2D-4493-9648-5CE62B8813FA}.Release|Mixed Platforms.ActiveCfg = Release|Any CPU
		{E38F4D6E-8D2D-4493-9648-5CE62B8813FA}.Release|Mixed Platforms.Build.0 = Release|Any CPU
		{E38F4D6E-8D2D-4493-9648-5CE62B8813FA}.Release|x86.ActiveCfg = Release|Any CPU
		{E80C526F-83F8-4899-B5DE-1F584E2C3D77}.Debug|Any CPU.ActiveCfg = Debug|Any CPU
		{E80C526F-83F8-4899-B5DE-1F584E2C3D77}.Debug|Any CPU.Build.0 = Debug|Any CPU
		{E80C526F-83F8-4899-B5DE-1F584E2C3D77}.Debug|Mixed Platforms.ActiveCfg = Debug|Any CPU
		{E80C526F-83F8-4899-B5DE-1F584E2C3D77}.Debug|Mixed Platforms.Build.0 = Debug|Any CPU
		{E80C526F-83F8-4899-B5DE-1F584E2C3D77}.Debug|x86.ActiveCfg = Debug|Any CPU
		{E80C526F-83F8-4899-B5DE-1F584E2C3D77}.Release|Any CPU.ActiveCfg = Release|Any CPU
		{E80C526F-83F8-4899-B5DE-1F584E2C3D77}.Release|Any CPU.Build.0 = Release|Any CPU
		{E80C526F-83F8-4899-B5DE-1F584E2C3D77}.Release|Mixed Platforms.ActiveCfg = Release|Any CPU
		{E80C526F-83F8-4899-B5DE-1F584E2C3D77}.Release|Mixed Platforms.Build.0 = Release|Any CPU
		{E80C526F-83F8-4899-B5DE-1F584E2C3D77}.Release|x86.ActiveCfg = Release|Any CPU
		{433E2485-4265-4656-A197-D0EB315618E1}.Debug|Any CPU.ActiveCfg = Debug|Any CPU
		{433E2485-4265-4656-A197-D0EB315618E1}.Debug|Any CPU.Build.0 = Debug|Any CPU
		{433E2485-4265-4656-A197-D0EB315618E1}.Debug|Mixed Platforms.ActiveCfg = Debug|Any CPU
		{433E2485-4265-4656-A197-D0EB315618E1}.Debug|Mixed Platforms.Build.0 = Debug|Any CPU
		{433E2485-4265-4656-A197-D0EB315618E1}.Debug|x86.ActiveCfg = Debug|Any CPU
		{433E2485-4265-4656-A197-D0EB315618E1}.Release|Any CPU.ActiveCfg = Release|Any CPU
		{433E2485-4265-4656-A197-D0EB315618E1}.Release|Any CPU.Build.0 = Release|Any CPU
		{433E2485-4265-4656-A197-D0EB315618E1}.Release|Mixed Platforms.ActiveCfg = Release|Any CPU
		{433E2485-4265-4656-A197-D0EB315618E1}.Release|Mixed Platforms.Build.0 = Release|Any CPU
		{433E2485-4265-4656-A197-D0EB315618E1}.Release|x86.ActiveCfg = Release|Any CPU
		{8969E30F-5C13-4FCB-A75C-E01EBCE82B1F}.Debug|Any CPU.ActiveCfg = Debug|Any CPU
		{8969E30F-5C13-4FCB-A75C-E01EBCE82B1F}.Debug|Any CPU.Build.0 = Debug|Any CPU
		{8969E30F-5C13-4FCB-A75C-E01EBCE82B1F}.Debug|Mixed Platforms.ActiveCfg = Debug|Any CPU
		{8969E30F-5C13-4FCB-A75C-E01EBCE82B1F}.Debug|Mixed Platforms.Build.0 = Debug|Any CPU
		{8969E30F-5C13-4FCB-A75C-E01EBCE82B1F}.Debug|x86.ActiveCfg = Debug|Any CPU
		{8969E30F-5C13-4FCB-A75C-E01EBCE82B1F}.Release|Any CPU.ActiveCfg = Release|Any CPU
		{8969E30F-5C13-4FCB-A75C-E01EBCE82B1F}.Release|Any CPU.Build.0 = Release|Any CPU
		{8969E30F-5C13-4FCB-A75C-E01EBCE82B1F}.Release|Mixed Platforms.ActiveCfg = Release|Any CPU
		{8969E30F-5C13-4FCB-A75C-E01EBCE82B1F}.Release|Mixed Platforms.Build.0 = Release|Any CPU
		{8969E30F-5C13-4FCB-A75C-E01EBCE82B1F}.Release|x86.ActiveCfg = Release|Any CPU
		{8CAA0257-FE49-4CD8-97C1-86185F44E08C}.Debug|Any CPU.ActiveCfg = Debug|Any CPU
		{8CAA0257-FE49-4CD8-97C1-86185F44E08C}.Debug|Any CPU.Build.0 = Debug|Any CPU
		{8CAA0257-FE49-4CD8-97C1-86185F44E08C}.Debug|Mixed Platforms.ActiveCfg = Debug|Any CPU
		{8CAA0257-FE49-4CD8-97C1-86185F44E08C}.Debug|Mixed Platforms.Build.0 = Debug|Any CPU
		{8CAA0257-FE49-4CD8-97C1-86185F44E08C}.Debug|x86.ActiveCfg = Debug|Any CPU
		{8CAA0257-FE49-4CD8-97C1-86185F44E08C}.Release|Any CPU.ActiveCfg = Release|Any CPU
		{8CAA0257-FE49-4CD8-97C1-86185F44E08C}.Release|Any CPU.Build.0 = Release|Any CPU
		{8CAA0257-FE49-4CD8-97C1-86185F44E08C}.Release|Mixed Platforms.ActiveCfg = Release|Any CPU
		{8CAA0257-FE49-4CD8-97C1-86185F44E08C}.Release|Mixed Platforms.Build.0 = Release|Any CPU
		{8CAA0257-FE49-4CD8-97C1-86185F44E08C}.Release|x86.ActiveCfg = Release|Any CPU
		{4DE67417-39CA-4AEC-AC75-9584112268F0}.Debug|Any CPU.ActiveCfg = Debug|Any CPU
		{4DE67417-39CA-4AEC-AC75-9584112268F0}.Debug|Any CPU.Build.0 = Debug|Any CPU
		{4DE67417-39CA-4AEC-AC75-9584112268F0}.Debug|Mixed Platforms.ActiveCfg = Debug|Any CPU
		{4DE67417-39CA-4AEC-AC75-9584112268F0}.Debug|Mixed Platforms.Build.0 = Debug|Any CPU
		{4DE67417-39CA-4AEC-AC75-9584112268F0}.Debug|x86.ActiveCfg = Debug|Any CPU
		{4DE67417-39CA-4AEC-AC75-9584112268F0}.Release|Any CPU.ActiveCfg = Release|Any CPU
		{4DE67417-39CA-4AEC-AC75-9584112268F0}.Release|Any CPU.Build.0 = Release|Any CPU
		{4DE67417-39CA-4AEC-AC75-9584112268F0}.Release|Mixed Platforms.ActiveCfg = Release|Any CPU
		{4DE67417-39CA-4AEC-AC75-9584112268F0}.Release|Mixed Platforms.Build.0 = Release|Any CPU
		{4DE67417-39CA-4AEC-AC75-9584112268F0}.Release|x86.ActiveCfg = Release|Any CPU
		{4811144B-A268-4119-AD3C-2D7AC840BA5E}.Debug|Any CPU.ActiveCfg = Debug|Any CPU
		{4811144B-A268-4119-AD3C-2D7AC840BA5E}.Debug|Any CPU.Build.0 = Debug|Any CPU
		{4811144B-A268-4119-AD3C-2D7AC840BA5E}.Debug|Mixed Platforms.ActiveCfg = Debug|Any CPU
		{4811144B-A268-4119-AD3C-2D7AC840BA5E}.Debug|Mixed Platforms.Build.0 = Debug|Any CPU
		{4811144B-A268-4119-AD3C-2D7AC840BA5E}.Debug|x86.ActiveCfg = Debug|Any CPU
		{4811144B-A268-4119-AD3C-2D7AC840BA5E}.Release|Any CPU.ActiveCfg = Release|Any CPU
		{4811144B-A268-4119-AD3C-2D7AC840BA5E}.Release|Any CPU.Build.0 = Release|Any CPU
		{4811144B-A268-4119-AD3C-2D7AC840BA5E}.Release|Mixed Platforms.ActiveCfg = Release|Any CPU
		{4811144B-A268-4119-AD3C-2D7AC840BA5E}.Release|Mixed Platforms.Build.0 = Release|Any CPU
		{4811144B-A268-4119-AD3C-2D7AC840BA5E}.Release|x86.ActiveCfg = Release|Any CPU
		{A45E7E3C-3AEE-4110-B8CC-9B1419FE40AF}.Debug|Any CPU.ActiveCfg = Debug|Any CPU
		{A45E7E3C-3AEE-4110-B8CC-9B1419FE40AF}.Debug|Any CPU.Build.0 = Debug|Any CPU
		{A45E7E3C-3AEE-4110-B8CC-9B1419FE40AF}.Debug|Mixed Platforms.ActiveCfg = Debug|Any CPU
		{A45E7E3C-3AEE-4110-B8CC-9B1419FE40AF}.Debug|Mixed Platforms.Build.0 = Debug|Any CPU
		{A45E7E3C-3AEE-4110-B8CC-9B1419FE40AF}.Debug|x86.ActiveCfg = Debug|Any CPU
		{A45E7E3C-3AEE-4110-B8CC-9B1419FE40AF}.Release|Any CPU.ActiveCfg = Release|Any CPU
		{A45E7E3C-3AEE-4110-B8CC-9B1419FE40AF}.Release|Any CPU.Build.0 = Release|Any CPU
		{A45E7E3C-3AEE-4110-B8CC-9B1419FE40AF}.Release|Mixed Platforms.ActiveCfg = Release|Any CPU
		{A45E7E3C-3AEE-4110-B8CC-9B1419FE40AF}.Release|Mixed Platforms.Build.0 = Release|Any CPU
		{A45E7E3C-3AEE-4110-B8CC-9B1419FE40AF}.Release|x86.ActiveCfg = Release|Any CPU
		{4159F9DB-B635-4861-8930-EF2DD6DCA730}.Debug|Any CPU.ActiveCfg = Debug|Any CPU
		{4159F9DB-B635-4861-8930-EF2DD6DCA730}.Debug|Any CPU.Build.0 = Debug|Any CPU
		{4159F9DB-B635-4861-8930-EF2DD6DCA730}.Debug|Mixed Platforms.ActiveCfg = Debug|Any CPU
		{4159F9DB-B635-4861-8930-EF2DD6DCA730}.Debug|Mixed Platforms.Build.0 = Debug|Any CPU
		{4159F9DB-B635-4861-8930-EF2DD6DCA730}.Debug|x86.ActiveCfg = Debug|Any CPU
		{4159F9DB-B635-4861-8930-EF2DD6DCA730}.Release|Any CPU.ActiveCfg = Release|Any CPU
		{4159F9DB-B635-4861-8930-EF2DD6DCA730}.Release|Any CPU.Build.0 = Release|Any CPU
		{4159F9DB-B635-4861-8930-EF2DD6DCA730}.Release|Mixed Platforms.ActiveCfg = Release|Any CPU
		{4159F9DB-B635-4861-8930-EF2DD6DCA730}.Release|Mixed Platforms.Build.0 = Release|Any CPU
		{4159F9DB-B635-4861-8930-EF2DD6DCA730}.Release|x86.ActiveCfg = Release|Any CPU
	EndGlobalSection
	GlobalSection(SolutionProperties) = preSolution
		HideSolutionNode = FALSE
	EndGlobalSection
EndGlobal
